// !$*UTF8*$!
{
	archiveVersion = 1;
	classes = {
	};
	objectVersion = 46;
	objects = {

/* Begin PBXBuildFile section */
		5AE6D80D1B4C088C008E572F /* Foundation.framework in Frameworks */ = {isa = PBXBuildFile; fileRef = 5AE6D80C1B4C088C008E572F /* Foundation.framework */; };
		5AE6D80F1B4C088C008E572F /* CoreGraphics.framework in Frameworks */ = {isa = PBXBuildFile; fileRef = 5AE6D80E1B4C088C008E572F /* CoreGraphics.framework */; };
		5AE6D8111B4C088C008E572F /* UIKit.framework in Frameworks */ = {isa = PBXBuildFile; fileRef = 5AE6D8101B4C088C008E572F /* UIKit.framework */; };
		5AE6D8171B4C088C008E572F /* InfoPlist.strings in Resources */ = {isa = PBXBuildFile; fileRef = 5AE6D8151B4C088C008E572F /* InfoPlist.strings */; };
		5AE6D8191B4C088C008E572F /* main.m in Sources */ = {isa = PBXBuildFile; fileRef = 5AE6D8181B4C088C008E572F /* main.m */; };
		5AE6D81D1B4C088C008E572F /* RSAppDelegate.m in Sources */ = {isa = PBXBuildFile; fileRef = 5AE6D81C1B4C088C008E572F /* RSAppDelegate.m */; };
		5AE6D81F1B4C088C008E572F /* Images.xcassets in Resources */ = {isa = PBXBuildFile; fileRef = 5AE6D81E1B4C088C008E572F /* Images.xcassets */; };
		5AE6D8261B4C088C008E572F /* XCTest.framework in Frameworks */ = {isa = PBXBuildFile; fileRef = 5AE6D8251B4C088C008E572F /* XCTest.framework */; };
		5AE6D8271B4C088C008E572F /* Foundation.framework in Frameworks */ = {isa = PBXBuildFile; fileRef = 5AE6D80C1B4C088C008E572F /* Foundation.framework */; };
		5AE6D8281B4C088C008E572F /* UIKit.framework in Frameworks */ = {isa = PBXBuildFile; fileRef = 5AE6D8101B4C088C008E572F /* UIKit.framework */; };
		5AE6D8301B4C088D008E572F /* InfoPlist.strings in Resources */ = {isa = PBXBuildFile; fileRef = 5AE6D82E1B4C088D008E572F /* InfoPlist.strings */; };
		5AE6D8321B4C088D008E572F /* _0LessonNotificationsHWTests.m in Sources */ = {isa = PBXBuildFile; fileRef = 5AE6D8311B4C088D008E572F /* _0LessonNotificationsHWTests.m */; };
/* End PBXBuildFile section */

/* Begin PBXContainerItemProxy section */
		5AE6D8291B4C088C008E572F /* PBXContainerItemProxy */ = {
			isa = PBXContainerItemProxy;
			containerPortal = 5AE6D8011B4C088C008E572F /* Project object */;
			proxyType = 1;
			remoteGlobalIDString = 5AE6D8081B4C088C008E572F;
			remoteInfo = 10LessonNotificationsHW;
		};
/* End PBXContainerItemProxy section */

/* Begin PBXFileReference section */
		5AE6D8091B4C088C008E572F /* 10LessonNotificationsHW.app */ = {isa = PBXFileReference; explicitFileType = wrapper.application; includeInIndex = 0; path = 10LessonNotificationsHW.app; sourceTree = BUILT_PRODUCTS_DIR; };
		5AE6D80C1B4C088C008E572F /* Foundation.framework */ = {isa = PBXFileReference; lastKnownFileType = wrapper.framework; name = Foundation.framework; path = System/Library/Frameworks/Foundation.framework; sourceTree = SDKROOT; };
		5AE6D80E1B4C088C008E572F /* CoreGraphics.framework */ = {isa = PBXFileReference; lastKnownFileType = wrapper.framework; name = CoreGraphics.framework; path = System/Library/Frameworks/CoreGraphics.framework; sourceTree = SDKROOT; };
		5AE6D8101B4C088C008E572F /* UIKit.framework */ = {isa = PBXFileReference; lastKnownFileType = wrapper.framework; name = UIKit.framework; path = System/Library/Frameworks/UIKit.framework; sourceTree = SDKROOT; };
		5AE6D8141B4C088C008E572F /* 10LessonNotificationsHW-Info.plist */ = {isa = PBXFileReference; lastKnownFileType = text.plist.xml; path = "10LessonNotificationsHW-Info.plist"; sourceTree = "<group>"; };
		5AE6D8161B4C088C008E572F /* en */ = {isa = PBXFileReference; lastKnownFileType = text.plist.strings; name = en; path = en.lproj/InfoPlist.strings; sourceTree = "<group>"; };
		5AE6D8181B4C088C008E572F /* main.m */ = {isa = PBXFileReference; lastKnownFileType = sourcecode.c.objc; path = main.m; sourceTree = "<group>"; };
		5AE6D81A1B4C088C008E572F /* 10LessonNotificationsHW-Prefix.pch */ = {isa = PBXFileReference; lastKnownFileType = sourcecode.c.h; path = "10LessonNotificationsHW-Prefix.pch"; sourceTree = "<group>"; };
		5AE6D81B1B4C088C008E572F /* RSAppDelegate.h */ = {isa = PBXFileReference; lastKnownFileType = sourcecode.c.h; path = RSAppDelegate.h; sourceTree = "<group>"; };
		5AE6D81C1B4C088C008E572F /* RSAppDelegate.m */ = {isa = PBXFileReference; lastKnownFileType = sourcecode.c.objc; path = RSAppDelegate.m; sourceTree = "<group>"; };
		5AE6D81E1B4C088C008E572F /* Images.xcassets */ = {isa = PBXFileReference; lastKnownFileType = folder.assetcatalog; path = Images.xcassets; sourceTree = "<group>"; };
		5AE6D8241B4C088C008E572F /* 10LessonNotificationsHWTests.xctest */ = {isa = PBXFileReference; explicitFileType = wrapper.cfbundle; includeInIndex = 0; path = 10LessonNotificationsHWTests.xctest; sourceTree = BUILT_PRODUCTS_DIR; };
		5AE6D8251B4C088C008E572F /* XCTest.framework */ = {isa = PBXFileReference; lastKnownFileType = wrapper.framework; name = XCTest.framework; path = Library/Frameworks/XCTest.framework; sourceTree = DEVELOPER_DIR; };
		5AE6D82D1B4C088C008E572F /* 10LessonNotificationsHWTests-Info.plist */ = {isa = PBXFileReference; lastKnownFileType = text.plist.xml; path = "10LessonNotificationsHWTests-Info.plist"; sourceTree = "<group>"; };
		5AE6D82F1B4C088D008E572F /* en */ = {isa = PBXFileReference; lastKnownFileType = text.plist.strings; name = en; path = en.lproj/InfoPlist.strings; sourceTree = "<group>"; };
		5AE6D8311B4C088D008E572F /* _0LessonNotificationsHWTests.m */ = {isa = PBXFileReference; lastKnownFileType = sourcecode.c.objc; path = _0LessonNotificationsHWTests.m; sourceTree = "<group>"; };
/* End PBXFileReference section */

/* Begin PBXFrameworksBuildPhase section */
		5AE6D8061B4C088C008E572F /* Frameworks */ = {
			isa = PBXFrameworksBuildPhase;
			buildActionMask = 2147483647;
			files = (
				5AE6D80F1B4C088C008E572F /* CoreGraphics.framework in Frameworks */,
				5AE6D8111B4C088C008E572F /* UIKit.framework in Frameworks */,
				5AE6D80D1B4C088C008E572F /* Foundation.framework in Frameworks */,
			);
			runOnlyForDeploymentPostprocessing = 0;
		};
		5AE6D8211B4C088C008E572F /* Frameworks */ = {
			isa = PBXFrameworksBuildPhase;
			buildActionMask = 2147483647;
			files = (
				5AE6D8261B4C088C008E572F /* XCTest.framework in Frameworks */,
				5AE6D8281B4C088C008E572F /* UIKit.framework in Frameworks */,
				5AE6D8271B4C088C008E572F /* Foundation.framework in Frameworks */,
			);
			runOnlyForDeploymentPostprocessing = 0;
		};
/* End PBXFrameworksBuildPhase section */

/* Begin PBXGroup section */
		5AE6D8001B4C088C008E572F = {
			isa = PBXGroup;
			children = (
				5AE6D8121B4C088C008E572F /* 10LessonNotificationsHW */,
				5AE6D82B1B4C088C008E572F /* 10LessonNotificationsHWTests */,
				5AE6D80B1B4C088C008E572F /* Frameworks */,
				5AE6D80A1B4C088C008E572F /* Products */,
			);
			sourceTree = "<group>";
		};
		5AE6D80A1B4C088C008E572F /* Products */ = {
			isa = PBXGroup;
			children = (
				5AE6D8091B4C088C008E572F /* 10LessonNotificationsHW.app */,
				5AE6D8241B4C088C008E572F /* 10LessonNotificationsHWTests.xctest */,
			);
			name = Products;
			sourceTree = "<group>";
		};
		5AE6D80B1B4C088C008E572F /* Frameworks */ = {
			isa = PBXGroup;
			children = (
				5AE6D80C1B4C088C008E572F /* Foundation.framework */,
				5AE6D80E1B4C088C008E572F /* CoreGraphics.framework */,
				5AE6D8101B4C088C008E572F /* UIKit.framework */,
				5AE6D8251B4C088C008E572F /* XCTest.framework */,
			);
			name = Frameworks;
			sourceTree = "<group>";
		};
		5AE6D8121B4C088C008E572F /* 10LessonNotificationsHW */ = {
			isa = PBXGroup;
			children = (
				5AE6D81B1B4C088C008E572F /* RSAppDelegate.h */,
				5AE6D81C1B4C088C008E572F /* RSAppDelegate.m */,
				5AE6D81E1B4C088C008E572F /* Images.xcassets */,
				5AE6D8131B4C088C008E572F /* Supporting Files */,
			);
			path = 10LessonNotificationsHW;
			sourceTree = "<group>";
		};
		5AE6D8131B4C088C008E572F /* Supporting Files */ = {
			isa = PBXGroup;
			children = (
				5AE6D8141B4C088C008E572F /* 10LessonNotificationsHW-Info.plist */,
				5AE6D8151B4C088C008E572F /* InfoPlist.strings */,
				5AE6D8181B4C088C008E572F /* main.m */,
				5AE6D81A1B4C088C008E572F /* 10LessonNotificationsHW-Prefix.pch */,
			);
			name = "Supporting Files";
			sourceTree = "<group>";
		};
		5AE6D82B1B4C088C008E572F /* 10LessonNotificationsHWTests */ = {
			isa = PBXGroup;
			children = (
				5AE6D8311B4C088D008E572F /* _0LessonNotificationsHWTests.m */,
				5AE6D82C1B4C088C008E572F /* Supporting Files */,
			);
			path = 10LessonNotificationsHWTests;
			sourceTree = "<group>";
		};
		5AE6D82C1B4C088C008E572F /* Supporting Files */ = {
			isa = PBXGroup;
			children = (
				5AE6D82D1B4C088C008E572F /* 10LessonNotificationsHWTests-Info.plist */,
				5AE6D82E1B4C088D008E572F /* InfoPlist.strings */,
			);
			name = "Supporting Files";
			sourceTree = "<group>";
		};
/* End PBXGroup section */

/* Begin PBXNativeTarget section */
		5AE6D8081B4C088C008E572F /* 10LessonNotificationsHW */ = {
			isa = PBXNativeTarget;
			buildConfigurationList = 5AE6D8351B4C088D008E572F /* Build configuration list for PBXNativeTarget "10LessonNotificationsHW" */;
			buildPhases = (
				5AE6D8051B4C088C008E572F /* Sources */,
				5AE6D8061B4C088C008E572F /* Frameworks */,
				5AE6D8071B4C088C008E572F /* Resources */,
			);
			buildRules = (
			);
			dependencies = (
			);
			name = 10LessonNotificationsHW;
			productName = 10LessonNotificationsHW;
			productReference = 5AE6D8091B4C088C008E572F /* 10LessonNotificationsHW.app */;
			productType = "com.apple.product-type.application";
		};
		5AE6D8231B4C088C008E572F /* 10LessonNotificationsHWTests */ = {
			isa = PBXNativeTarget;
			buildConfigurationList = 5AE6D8381B4C088D008E572F /* Build configuration list for PBXNativeTarget "10LessonNotificationsHWTests" */;
			buildPhases = (
				5AE6D8201B4C088C008E572F /* Sources */,
				5AE6D8211B4C088C008E572F /* Frameworks */,
				5AE6D8221B4C088C008E572F /* Resources */,
			);
			buildRules = (
			);
			dependencies = (
				5AE6D82A1B4C088C008E572F /* PBXTargetDependency */,
			);
			name = 10LessonNotificationsHWTests;
			productName = 10LessonNotificationsHWTests;
			productReference = 5AE6D8241B4C088C008E572F /* 10LessonNotificationsHWTests.xctest */;
			productType = "com.apple.product-type.bundle.unit-test";
		};
/* End PBXNativeTarget section */

/* Begin PBXProject section */
		5AE6D8011B4C088C008E572F /* Project object */ = {
			isa = PBXProject;
			attributes = {
				CLASSPREFIX = RS;
				LastUpgradeCheck = 0510;
				ORGANIZATIONNAME = "Roman Chopovenko";
				TargetAttributes = {
					5AE6D8231B4C088C008E572F = {
						TestTargetID = 5AE6D8081B4C088C008E572F;
					};
				};
			};
			buildConfigurationList = 5AE6D8041B4C088C008E572F /* Build configuration list for PBXProject "10LessonNotificationsHW" */;
			compatibilityVersion = "Xcode 3.2";
			developmentRegion = English;
			hasScannedForEncodings = 0;
			knownRegions = (
				en,
			);
			mainGroup = 5AE6D8001B4C088C008E572F;
			productRefGroup = 5AE6D80A1B4C088C008E572F /* Products */;
			projectDirPath = "";
			projectRoot = "";
			targets = (
				5AE6D8081B4C088C008E572F /* 10LessonNotificationsHW */,
				5AE6D8231B4C088C008E572F /* 10LessonNotificationsHWTests */,
			);
		};
/* End PBXProject section */

/* Begin PBXResourcesBuildPhase section */
		5AE6D8071B4C088C008E572F /* Resources */ = {
			isa = PBXResourcesBuildPhase;
			buildActionMask = 2147483647;
			files = (
				5AE6D8171B4C088C008E572F /* InfoPlist.strings in Resources */,
				5AE6D81F1B4C088C008E572F /* Images.xcassets in Resources */,
			);
			runOnlyForDeploymentPostprocessing = 0;
		};
		5AE6D8221B4C088C008E572F /* Resources */ = {
			isa = PBXResourcesBuildPhase;
			buildActionMask = 2147483647;
			files = (
				5AE6D8301B4C088D008E572F /* InfoPlist.strings in Resources */,
			);
			runOnlyForDeploymentPostprocessing = 0;
		};
/* End PBXResourcesBuildPhase section */

/* Begin PBXSourcesBuildPhase section */
		5AE6D8051B4C088C008E572F /* Sources */ = {
			isa = PBXSourcesBuildPhase;
			buildActionMask = 2147483647;
			files = (
				5AE6D8191B4C088C008E572F /* main.m in Sources */,
				5AE6D81D1B4C088C008E572F /* RSAppDelegate.m in Sources */,
			);
			runOnlyForDeploymentPostprocessing = 0;
		};
		5AE6D8201B4C088C008E572F /* Sources */ = {
			isa = PBXSourcesBuildPhase;
			buildActionMask = 2147483647;
			files = (
				5AE6D8321B4C088D008E572F /* _0LessonNotificationsHWTests.m in Sources */,
			);
			runOnlyForDeploymentPostprocessing = 0;
		};
/* End PBXSourcesBuildPhase section */

/* Begin PBXTargetDependency section */
		5AE6D82A1B4C088C008E572F /* PBXTargetDependency */ = {
			isa = PBXTargetDependency;
			target = 5AE6D8081B4C088C008E572F /* 10LessonNotificationsHW */;
			targetProxy = 5AE6D8291B4C088C008E572F /* PBXContainerItemProxy */;
		};
/* End PBXTargetDependency section */

/* Begin PBXVariantGroup section */
		5AE6D8151B4C088C008E572F /* InfoPlist.strings */ = {
			isa = PBXVariantGroup;
			children = (
				5AE6D8161B4C088C008E572F /* en */,
			);
			name = InfoPlist.strings;
			sourceTree = "<group>";
		};
		5AE6D82E1B4C088D008E572F /* InfoPlist.strings */ = {
			isa = PBXVariantGroup;
			children = (
				5AE6D82F1B4C088D008E572F /* en */,
			);
			name = InfoPlist.strings;
			sourceTree = "<group>";
		};
/* End PBXVariantGroup section */

/* Begin XCBuildConfiguration section */
		5AE6D8331B4C088D008E572F /* Debug */ = {
			isa = XCBuildConfiguration;
			buildSettings = {
				ALWAYS_SEARCH_USER_PATHS = NO;
				CLANG_CXX_LANGUAGE_STANDARD = "gnu++0x";
				CLANG_CXX_LIBRARY = "libc++";
				CLANG_ENABLE_MODULES = YES;
				CLANG_ENABLE_OBJC_ARC = YES;
				CLANG_WARN_BOOL_CONVERSION = YES;
				CLANG_WARN_CONSTANT_CONVERSION = YES;
				CLANG_WARN_DIRECT_OBJC_ISA_USAGE = YES_ERROR;
				CLANG_WARN_EMPTY_BODY = YES;
				CLANG_WARN_ENUM_CONVERSION = YES;
				CLANG_WARN_INT_CONVERSION = YES;
				CLANG_WARN_OBJC_ROOT_CLASS = YES_ERROR;
				CLANG_WARN__DUPLICATE_METHOD_MATCH = YES;
				"CODE_SIGN_IDENTITY[sdk=iphoneos*]" = "iPhone Developer";
				COPY_PHASE_STRIP = NO;
				GCC_C_LANGUAGE_STANDARD = gnu99;
				GCC_DYNAMIC_NO_PIC = NO;
				GCC_OPTIMIZATION_LEVEL = 0;
				GCC_PREPROCESSOR_DEFINITIONS = (
					"DEBUG=1",
					"$(inherited)",
				);
				GCC_SYMBOLS_PRIVATE_EXTERN = NO;
				GCC_WARN_64_TO_32_BIT_CONVERSION = YES;
				GCC_WARN_ABOUT_RETURN_TYPE = YES_ERROR;
				GCC_WARN_UNDECLARED_SELECTOR = YES;
				GCC_WARN_UNINITIALIZED_AUTOS = YES_AGGRESSIVE;
				GCC_WARN_UNUSED_FUNCTION = YES;
				GCC_WARN_UNUSED_VARIABLE = YES;
				IPHONEOS_DEPLOYMENT_TARGET = 7.1;
				ONLY_ACTIVE_ARCH = YES;
				SDKROOT = iphoneos;
			};
			name = Debug;
		};
		5AE6D8341B4C088D008E572F /* Release */ = {
			isa = XCBuildConfiguration;
			buildSettings = {
				ALWAYS_SEARCH_USER_PATHS = NO;
				CLANG_CXX_LANGUAGE_STANDARD = "gnu++0x";
				CLANG_CXX_LIBRARY = "libc++";
				CLANG_ENABLE_MODULES = YES;
				CLANG_ENABLE_OBJC_ARC = YES;
				CLANG_WARN_BOOL_CONVERSION = YES;
				CLANG_WARN_CONSTANT_CONVERSION = YES;
				CLANG_WARN_DIRECT_OBJC_ISA_USAGE = YES_ERROR;
				CLANG_WARN_EMPTY_BODY = YES;
				CLANG_WARN_ENUM_CONVERSION = YES;
				CLANG_WARN_INT_CONVERSION = YES;
				CLANG_WARN_OBJC_ROOT_CLASS = YES_ERROR;
				CLANG_WARN__DUPLICATE_METHOD_MATCH = YES;
				"CODE_SIGN_IDENTITY[sdk=iphoneos*]" = "iPhone Developer";
				COPY_PHASE_STRIP = YES;
				ENABLE_NS_ASSERTIONS = NO;
				GCC_C_LANGUAGE_STANDARD = gnu99;
				GCC_WARN_64_TO_32_BIT_CONVERSION = YES;
				GCC_WARN_ABOUT_RETURN_TYPE = YES_ERROR;
				GCC_WARN_UNDECLARED_SELECTOR = YES;
				GCC_WARN_UNINITIALIZED_AUTOS = YES_AGGRESSIVE;
				GCC_WARN_UNUSED_FUNCTION = YES;
				GCC_WARN_UNUSED_VARIABLE = YES;
				IPHONEOS_DEPLOYMENT_TARGET = 7.1;
				SDKROOT = iphoneos;
				VALIDATE_PRODUCT = YES;
			};
			name = Release;
		};
		5AE6D8361B4C088D008E572F /* Debug */ = {
			isa = XCBuildConfiguration;
			buildSettings = {
				ASSETCATALOG_COMPILER_APPICON_NAME = AppIcon;
				ASSETCATALOG_COMPILER_LAUNCHIMAGE_NAME = LaunchImage;
				GCC_PRECOMPILE_PREFIX_HEADER = YES;
				GCC_PREFIX_HEADER = "10LessonNotificationsHW/10LessonNotificationsHW-Prefix.pch";
				INFOPLIST_FILE = "10LessonNotificationsHW/10LessonNotificationsHW-Info.plist";
				PRODUCT_NAME = "$(TARGET_NAME)";
				WRAPPER_EXTENSION = app;
			};
			name = Debug;
		};
		5AE6D8371B4C088D008E572F /* Release */ = {
			isa = XCBuildConfiguration;
			buildSettings = {
				ASSETCATALOG_COMPILER_APPICON_NAME = AppIcon;
				ASSETCATALOG_COMPILER_LAUNCHIMAGE_NAME = LaunchImage;
				GCC_PRECOMPILE_PREFIX_HEADER = YES;
				GCC_PREFIX_HEADER = "10LessonNotificationsHW/10LessonNotificationsHW-Prefix.pch";
				INFOPLIST_FILE = "10LessonNotificationsHW/10LessonNotificationsHW-Info.plist";
				PRODUCT_NAME = "$(TARGET_NAME)";
				WRAPPER_EXTENSION = app;
			};
			name = Release;
		};
		5AE6D8391B4C088D008E572F /* Debug */ = {
			isa = XCBuildConfiguration;
			buildSettings = {
				BUNDLE_LOADER = "$(BUILT_PRODUCTS_DIR)/10LessonNotificationsHW.app/10LessonNotificationsHW";
				FRAMEWORK_SEARCH_PATHS = (
					"$(SDKROOT)/Developer/Library/Frameworks",
					"$(inherited)",
					"$(DEVELOPER_FRAMEWORKS_DIR)",
				);
				GCC_PRECOMPILE_PREFIX_HEADER = YES;
				GCC_PREFIX_HEADER = "10LessonNotificationsHW/10LessonNotificationsHW-Prefix.pch";
				GCC_PREPROCESSOR_DEFINITIONS = (
					"DEBUG=1",
					"$(inherited)",
				);
				INFOPLIST_FILE = "10LessonNotificationsHWTests/10LessonNotificationsHWTests-Info.plist";
				PRODUCT_NAME = "$(TARGET_NAME)";
				TEST_HOST = "$(BUNDLE_LOADER)";
				WRAPPER_EXTENSION = xctest;
			};
			name = Debug;
		};
		5AE6D83A1B4C088D008E572F /* Release */ = {
			isa = XCBuildConfiguration;
			buildSettings = {
				BUNDLE_LOADER = "$(BUILT_PRODUCTS_DIR)/10LessonNotificationsHW.app/10LessonNotificationsHW";
				FRAMEWORK_SEARCH_PATHS = (
					"$(SDKROOT)/Developer/Library/Frameworks",
					"$(inherited)",
					"$(DEVELOPER_FRAMEWORKS_DIR)",
				);
				GCC_PRECOMPILE_PREFIX_HEADER = YES;
				GCC_PREFIX_HEADER = "10LessonNotificationsHW/10LessonNotificationsHW-Prefix.pch";
				INFOPLIST_FILE = "10LessonNotificationsHWTests/10LessonNotificationsHWTests-Info.plist";
				PRODUCT_NAME = "$(TARGET_NAME)";
				TEST_HOST = "$(BUNDLE_LOADER)";
				WRAPPER_EXTENSION = xctest;
			};
			name = Release;
		};
/* End XCBuildConfiguration section */

/* Begin XCConfigurationList section */
		5AE6D8041B4C088C008E572F /* Build configuration list for PBXProject "10LessonNotificationsHW" */ = {
			isa = XCConfigurationList;
			buildConfigurations = (
				5AE6D8331B4C088D008E572F /* Debug */,
				5AE6D8341B4C088D008E572F /* Release */,
			);
			defaultConfigurationIsVisible = 0;
			defaultConfigurationName = Release;
		};
		5AE6D8351B4C088D008E572F /* Build configuration list for PBXNativeTarget "10LessonNotificationsHW" */ = {
			isa = XCConfigurationList;
			buildConfigurations = (
				5AE6D8361B4C088D008E572F /* Debug */,
				5AE6D8371B4C088D008E572F /* Release */,
			);
			defaultConfigurationIsVisible = 0;
		};
		5AE6D8381B4C088D008E572F /* Build configuration list for PBXNativeTarget "10LessonNotificationsHWTests" */ = {
			isa = XCConfigurationList;
			buildConfigurations = (
				5AE6D8391B4C088D008E572F /* Debug */,
				5AE6D83A1B4C088D008E572F /* Release */,
			);
			defaultConfigurationIsVisible = 0;
		};
/* End XCConfigurationList section */
	};
	rootObject = 5AE6D8011B4C088C008E572F /* Project object */;
}
